// !$*UTF8*$!
{
	archiveVersion = 1;
	classes = {
	};
	objectVersion = 56;
	objects = {

/* Begin PBXBuildFile section */
		5450BBD62A0649B9001278FE /* AppDelegate.swift in Sources */ = {isa = PBXBuildFile; fileRef = 5450BBD52A0649B9001278FE /* AppDelegate.swift */; };
		5450BBD82A0649B9001278FE /* SceneDelegate.swift in Sources */ = {isa = PBXBuildFile; fileRef = 5450BBD72A0649B9001278FE /* SceneDelegate.swift */; };
		5450BBDA2A0649B9001278FE /* SimulationViewController.swift in Sources */ = {isa = PBXBuildFile; fileRef = 5450BBD92A0649B9001278FE /* SimulationViewController.swift */; };
		5450BBDF2A0649BA001278FE /* Assets.xcassets in Resources */ = {isa = PBXBuildFile; fileRef = 5450BBDE2A0649BA001278FE /* Assets.xcassets */; };
		5450BBE22A0649BA001278FE /* LaunchScreen.storyboard in Resources */ = {isa = PBXBuildFile; fileRef = 5450BBE02A0649BA001278FE /* LaunchScreen.storyboard */; };
		5450BBED2A064B14001278FE /* Item.swift in Sources */ = {isa = PBXBuildFile; fileRef = 5450BBEC2A064B14001278FE /* Item.swift */; };
		5450BC302A0657B6001278FE /* InfectedCollectionViewCell.swift in Sources */ = {isa = PBXBuildFile; fileRef = 5450BC2F2A0657B6001278FE /* InfectedCollectionViewCell.swift */; };
		5450BC322A0657C4001278FE /* HealthyCollectionViewCell.swift in Sources */ = {isa = PBXBuildFile; fileRef = 5450BC312A0657C4001278FE /* HealthyCollectionViewCell.swift */; };
		5450BC352A066157001278FE /* StatusHeaderView.swift in Sources */ = {isa = PBXBuildFile; fileRef = 5450BC342A066157001278FE /* StatusHeaderView.swift */; };
		54B9170F2A0689420007DBC7 /* SimulationController+Extension.swift in Sources */ = {isa = PBXBuildFile; fileRef = 54B9170E2A0689420007DBC7 /* SimulationController+Extension.swift */; };
		54B917112A0695390007DBC7 /* GreetingViewController.swift in Sources */ = {isa = PBXBuildFile; fileRef = 54B917102A0695390007DBC7 /* GreetingViewController.swift */; };
/* End PBXBuildFile section */

/* Begin PBXFileReference section */
		5450BBD22A0649B9001278FE /* InfectionSimulation.app */ = {isa = PBXFileReference; explicitFileType = wrapper.application; includeInIndex = 0; path = InfectionSimulation.app; sourceTree = BUILT_PRODUCTS_DIR; };
		5450BBD52A0649B9001278FE /* AppDelegate.swift */ = {isa = PBXFileReference; lastKnownFileType = sourcecode.swift; path = AppDelegate.swift; sourceTree = "<group>"; };
		5450BBD72A0649B9001278FE /* SceneDelegate.swift */ = {isa = PBXFileReference; lastKnownFileType = sourcecode.swift; path = SceneDelegate.swift; sourceTree = "<group>"; };
		5450BBD92A0649B9001278FE /* SimulationViewController.swift */ = {isa = PBXFileReference; lastKnownFileType = sourcecode.swift; path = SimulationViewController.swift; sourceTree = "<group>"; };
		5450BBDE2A0649BA001278FE /* Assets.xcassets */ = {isa = PBXFileReference; lastKnownFileType = folder.assetcatalog; path = Assets.xcassets; sourceTree = "<group>"; };
		5450BBE12A0649BA001278FE /* Base */ = {isa = PBXFileReference; lastKnownFileType = file.storyboard; name = Base; path = Base.lproj/LaunchScreen.storyboard; sourceTree = "<group>"; };
		5450BBE32A0649BA001278FE /* Info.plist */ = {isa = PBXFileReference; lastKnownFileType = text.plist.xml; path = Info.plist; sourceTree = "<group>"; };
		5450BBEC2A064B14001278FE /* Item.swift */ = {isa = PBXFileReference; lastKnownFileType = sourcecode.swift; path = Item.swift; sourceTree = "<group>"; };
		5450BC2F2A0657B6001278FE /* InfectedCollectionViewCell.swift */ = {isa = PBXFileReference; lastKnownFileType = sourcecode.swift; path = InfectedCollectionViewCell.swift; sourceTree = "<group>"; };
		5450BC312A0657C4001278FE /* HealthyCollectionViewCell.swift */ = {isa = PBXFileReference; lastKnownFileType = sourcecode.swift; path = HealthyCollectionViewCell.swift; sourceTree = "<group>"; };
		5450BC342A066157001278FE /* StatusHeaderView.swift */ = {isa = PBXFileReference; lastKnownFileType = sourcecode.swift; path = StatusHeaderView.swift; sourceTree = "<group>"; };
		54B9170E2A0689420007DBC7 /* SimulationController+Extension.swift */ = {isa = PBXFileReference; lastKnownFileType = sourcecode.swift; path = "SimulationController+Extension.swift"; sourceTree = "<group>"; };
		54B917102A0695390007DBC7 /* GreetingViewController.swift */ = {isa = PBXFileReference; lastKnownFileType = sourcecode.swift; path = GreetingViewController.swift; sourceTree = "<group>"; };
/* End PBXFileReference section */

/* Begin PBXFrameworksBuildPhase section */
		5450BBCF2A0649B9001278FE /* Frameworks */ = {
			isa = PBXFrameworksBuildPhase;
			buildActionMask = 2147483647;
			files = (
			);
			runOnlyForDeploymentPostprocessing = 0;
		};
/* End PBXFrameworksBuildPhase section */

/* Begin PBXGroup section */
		5450BBC92A0649B9001278FE = {
			isa = PBXGroup;
			children = (
				5450BBD42A0649B9001278FE /* InfectionSimulation */,
				5450BBD32A0649B9001278FE /* Products */,
			);
			sourceTree = "<group>";
		};
		5450BBD32A0649B9001278FE /* Products */ = {
			isa = PBXGroup;
			children = (
				5450BBD22A0649B9001278FE /* InfectionSimulation.app */,
			);
			name = Products;
			sourceTree = "<group>";
		};
		5450BBD42A0649B9001278FE /* InfectionSimulation */ = {
			isa = PBXGroup;
			children = (
				54B9170D2A0689240007DBC7 /* Extensions */,
				5450BC332A066118001278FE /* View */,
				5450BBEB2A064B05001278FE /* Model */,
				5450BBEA2A064AFC001278FE /* Controller */,
				5450BBE92A064AEE001278FE /* App */,
				5450BBDE2A0649BA001278FE /* Assets.xcassets */,
				5450BBE02A0649BA001278FE /* LaunchScreen.storyboard */,
				5450BBE32A0649BA001278FE /* Info.plist */,
			);
			path = InfectionSimulation;
			sourceTree = "<group>";
		};
		5450BBE92A064AEE001278FE /* App */ = {
			isa = PBXGroup;
			children = (
				5450BBD52A0649B9001278FE /* AppDelegate.swift */,
				5450BBD72A0649B9001278FE /* SceneDelegate.swift */,
			);
			path = App;
			sourceTree = "<group>";
		};
		5450BBEA2A064AFC001278FE /* Controller */ = {
			isa = PBXGroup;
			children = (
				5450BBD92A0649B9001278FE /* SimulationViewController.swift */,
				54B917102A0695390007DBC7 /* GreetingViewController.swift */,
			);
			path = Controller;
			sourceTree = "<group>";
		};
		5450BBEB2A064B05001278FE /* Model */ = {
			isa = PBXGroup;
			children = (
				5450BC2E2A0657A3001278FE /* Cell */,
				5450BBEC2A064B14001278FE /* Item.swift */,
			);
			path = Model;
			sourceTree = "<group>";
		};
		5450BC2E2A0657A3001278FE /* Cell */ = {
			isa = PBXGroup;
			children = (
				5450BC2F2A0657B6001278FE /* InfectedCollectionViewCell.swift */,
				5450BC312A0657C4001278FE /* HealthyCollectionViewCell.swift */,
			);
			path = Cell;
			sourceTree = "<group>";
		};
		5450BC332A066118001278FE /* View */ = {
			isa = PBXGroup;
			children = (
				5450BC342A066157001278FE /* StatusHeaderView.swift */,
			);
			path = View;
			sourceTree = "<group>";
		};
		54B9170D2A0689240007DBC7 /* Extensions */ = {
			isa = PBXGroup;
			children = (
				54B9170E2A0689420007DBC7 /* SimulationController+Extension.swift */,
			);
			path = Extensions;
			sourceTree = "<group>";
		};
/* End PBXGroup section */

/* Begin PBXNativeTarget section */
		5450BBD12A0649B9001278FE /* InfectionSimulation */ = {
			isa = PBXNativeTarget;
			buildConfigurationList = 5450BBE62A0649BA001278FE /* Build configuration list for PBXNativeTarget "InfectionSimulation" */;
			buildPhases = (
				5450BBCE2A0649B9001278FE /* Sources */,
				5450BBCF2A0649B9001278FE /* Frameworks */,
				5450BBD02A0649B9001278FE /* Resources */,
			);
			buildRules = (
			);
			dependencies = (
			);
			name = InfectionSimulation;
			productName = InfectionSimulation;
			productReference = 5450BBD22A0649B9001278FE /* InfectionSimulation.app */;
			productType = "com.apple.product-type.application";
		};
/* End PBXNativeTarget section */

/* Begin PBXProject section */
		5450BBCA2A0649B9001278FE /* Project object */ = {
			isa = PBXProject;
			attributes = {
				BuildIndependentTargetsInParallel = 1;
				LastSwiftUpdateCheck = 1430;
				LastUpgradeCheck = 1430;
				TargetAttributes = {
					5450BBD12A0649B9001278FE = {
						CreatedOnToolsVersion = 14.3;
					};
				};
			};
			buildConfigurationList = 5450BBCD2A0649B9001278FE /* Build configuration list for PBXProject "InfectionSimulation" */;
			compatibilityVersion = "Xcode 14.0";
			developmentRegion = en;
			hasScannedForEncodings = 0;
			knownRegions = (
				en,
				Base,
			);
			mainGroup = 5450BBC92A0649B9001278FE;
			productRefGroup = 5450BBD32A0649B9001278FE /* Products */;
			projectDirPath = "";
			projectRoot = "";
			targets = (
				5450BBD12A0649B9001278FE /* InfectionSimulation */,
			);
		};
/* End PBXProject section */

/* Begin PBXResourcesBuildPhase section */
		5450BBD02A0649B9001278FE /* Resources */ = {
			isa = PBXResourcesBuildPhase;
			buildActionMask = 2147483647;
			files = (
				5450BBE22A0649BA001278FE /* LaunchScreen.storyboard in Resources */,
				5450BBDF2A0649BA001278FE /* Assets.xcassets in Resources */,
			);
			runOnlyForDeploymentPostprocessing = 0;
		};
/* End PBXResourcesBuildPhase section */

/* Begin PBXSourcesBuildPhase section */
		5450BBCE2A0649B9001278FE /* Sources */ = {
			isa = PBXSourcesBuildPhase;
			buildActionMask = 2147483647;
			files = (
				54B9170F2A0689420007DBC7 /* SimulationController+Extension.swift in Sources */,
				5450BC322A0657C4001278FE /* HealthyCollectionViewCell.swift in Sources */,
				5450BBED2A064B14001278FE /* Item.swift in Sources */,
				54B917112A0695390007DBC7 /* GreetingViewController.swift in Sources */,
				5450BBDA2A0649B9001278FE /* SimulationViewController.swift in Sources */,
				5450BBD62A0649B9001278FE /* AppDelegate.swift in Sources */,
				5450BBD82A0649B9001278FE /* SceneDelegate.swift in Sources */,
				5450BC352A066157001278FE /* StatusHeaderView.swift in Sources */,
				5450BC302A0657B6001278FE /* InfectedCollectionViewCell.swift in Sources */,
			);
			runOnlyForDeploymentPostprocessing = 0;
		};
/* End PBXSourcesBuildPhase section */

/* Begin PBXVariantGroup section */
		5450BBE02A0649BA001278FE /* LaunchScreen.storyboard */ = {
			isa = PBXVariantGroup;
			children = (
				5450BBE12A0649BA001278FE /* Base */,
			);
			name = LaunchScreen.storyboard;
			sourceTree = "<group>";
		};
/* End PBXVariantGroup section */

/* Begin XCBuildConfiguration section */
		5450BBE42A0649BA001278FE /* Debug */ = {
			isa = XCBuildConfiguration;
			buildSettings = {
				ALWAYS_SEARCH_USER_PATHS = NO;
				CLANG_ANALYZER_NONNULL = YES;
				CLANG_ANALYZER_NUMBER_OBJECT_CONVERSION = YES_AGGRESSIVE;
				CLANG_CXX_LANGUAGE_STANDARD = "gnu++20";
				CLANG_ENABLE_MODULES = YES;
				CLANG_ENABLE_OBJC_ARC = YES;
				CLANG_ENABLE_OBJC_WEAK = YES;
				CLANG_WARN_BLOCK_CAPTURE_AUTORELEASING = YES;
				CLANG_WARN_BOOL_CONVERSION = YES;
				CLANG_WARN_COMMA = YES;
				CLANG_WARN_CONSTANT_CONVERSION = YES;
				CLANG_WARN_DEPRECATED_OBJC_IMPLEMENTATIONS = YES;
				CLANG_WARN_DIRECT_OBJC_ISA_USAGE = YES_ERROR;
				CLANG_WARN_DOCUMENTATION_COMMENTS = YES;
				CLANG_WARN_EMPTY_BODY = YES;
				CLANG_WARN_ENUM_CONVERSION = YES;
				CLANG_WARN_INFINITE_RECURSION = YES;
				CLANG_WARN_INT_CONVERSION = YES;
				CLANG_WARN_NON_LITERAL_NULL_CONVERSION = YES;
				CLANG_WARN_OBJC_IMPLICIT_RETAIN_SELF = YES;
				CLANG_WARN_OBJC_LITERAL_CONVERSION = YES;
				CLANG_WARN_OBJC_ROOT_CLASS = YES_ERROR;
				CLANG_WARN_QUOTED_INCLUDE_IN_FRAMEWORK_HEADER = YES;
				CLANG_WARN_RANGE_LOOP_ANALYSIS = YES;
				CLANG_WARN_STRICT_PROTOTYPES = YES;
				CLANG_WARN_SUSPICIOUS_MOVE = YES;
				CLANG_WARN_UNGUARDED_AVAILABILITY = YES_AGGRESSIVE;
				CLANG_WARN_UNREACHABLE_CODE = YES;
				CLANG_WARN__DUPLICATE_METHOD_MATCH = YES;
				COPY_PHASE_STRIP = NO;
				DEBUG_INFORMATION_FORMAT = dwarf;
				ENABLE_STRICT_OBJC_MSGSEND = YES;
				ENABLE_TESTABILITY = YES;
				GCC_C_LANGUAGE_STANDARD = gnu11;
				GCC_DYNAMIC_NO_PIC = NO;
				GCC_NO_COMMON_BLOCKS = YES;
				GCC_OPTIMIZATION_LEVEL = 0;
				GCC_PREPROCESSOR_DEFINITIONS = (
					"DEBUG=1",
					"$(inherited)",
				);
				GCC_WARN_64_TO_32_BIT_CONVERSION = YES;
				GCC_WARN_ABOUT_RETURN_TYPE = YES_ERROR;
				GCC_WARN_UNDECLARED_SELECTOR = YES;
				GCC_WARN_UNINITIALIZED_AUTOS = YES_AGGRESSIVE;
				GCC_WARN_UNUSED_FUNCTION = YES;
				GCC_WARN_UNUSED_VARIABLE = YES;
				IPHONEOS_DEPLOYMENT_TARGET = 16.4;
				MTL_ENABLE_DEBUG_INFO = INCLUDE_SOURCE;
				MTL_FAST_MATH = YES;
				ONLY_ACTIVE_ARCH = YES;
				SDKROOT = iphoneos;
				SWIFT_ACTIVE_COMPILATION_CONDITIONS = DEBUG;
				SWIFT_OPTIMIZATION_LEVEL = "-Onone";
			};
			name = Debug;
		};
		5450BBE52A0649BA001278FE /* Release */ = {
			isa = XCBuildConfiguration;
			buildSettings = {
				ALWAYS_SEARCH_USER_PATHS = NO;
				CLANG_ANALYZER_NONNULL = YES;
				CLANG_ANALYZER_NUMBER_OBJECT_CONVERSION = YES_AGGRESSIVE;
				CLANG_CXX_LANGUAGE_STANDARD = "gnu++20";
				CLANG_ENABLE_MODULES = YES;
				CLANG_ENABLE_OBJC_ARC = YES;
				CLANG_ENABLE_OBJC_WEAK = YES;
				CLANG_WARN_BLOCK_CAPTURE_AUTORELEASING = YES;
				CLANG_WARN_BOOL_CONVERSION = YES;
				CLANG_WARN_COMMA = YES;
				CLANG_WARN_CONSTANT_CONVERSION = YES;
				CLANG_WARN_DEPRECATED_OBJC_IMPLEMENTATIONS = YES;
				CLANG_WARN_DIRECT_OBJC_ISA_USAGE = YES_ERROR;
				CLANG_WARN_DOCUMENTATION_COMMENTS = YES;
				CLANG_WARN_EMPTY_BODY = YES;
				CLANG_WARN_ENUM_CONVERSION = YES;
				CLANG_WARN_INFINITE_RECURSION = YES;
				CLANG_WARN_INT_CONVERSION = YES;
				CLANG_WARN_NON_LITERAL_NULL_CONVERSION = YES;
				CLANG_WARN_OBJC_IMPLICIT_RETAIN_SELF = YES;
				CLANG_WARN_OBJC_LITERAL_CONVERSION = YES;
				CLANG_WARN_OBJC_ROOT_CLASS = YES_ERROR;
				CLANG_WARN_QUOTED_INCLUDE_IN_FRAMEWORK_HEADER = YES;
				CLANG_WARN_RANGE_LOOP_ANALYSIS = YES;
				CLANG_WARN_STRICT_PROTOTYPES = YES;
				CLANG_WARN_SUSPICIOUS_MOVE = YES;
				CLANG_WARN_UNGUARDED_AVAILABILITY = YES_AGGRESSIVE;
				CLANG_WARN_UNREACHABLE_CODE = YES;
				CLANG_WARN__DUPLICATE_METHOD_MATCH = YES;
				COPY_PHASE_STRIP = NO;
				DEBUG_INFORMATION_FORMAT = "dwarf-with-dsym";
				ENABLE_NS_ASSERTIONS = NO;
				ENABLE_STRICT_OBJC_MSGSEND = YES;
				GCC_C_LANGUAGE_STANDARD = gnu11;
				GCC_NO_COMMON_BLOCKS = YES;
				GCC_WARN_64_TO_32_BIT_CONVERSION = YES;
				GCC_WARN_ABOUT_RETURN_TYPE = YES_ERROR;
				GCC_WARN_UNDECLARED_SELECTOR = YES;
				GCC_WARN_UNINITIALIZED_AUTOS = YES_AGGRESSIVE;
				GCC_WARN_UNUSED_FUNCTION = YES;
				GCC_WARN_UNUSED_VARIABLE = YES;
				IPHONEOS_DEPLOYMENT_TARGET = 16.4;
				MTL_ENABLE_DEBUG_INFO = NO;
				MTL_FAST_MATH = YES;
				SDKROOT = iphoneos;
				SWIFT_COMPILATION_MODE = wholemodule;
				SWIFT_OPTIMIZATION_LEVEL = "-O";
				VALIDATE_PRODUCT = YES;
			};
			name = Release;
		};
		5450BBE72A0649BA001278FE /* Debug */ = {
			isa = XCBuildConfiguration;
			buildSettings = {
				ASSETCATALOG_COMPILER_APPICON_NAME = AppIcon;
				ASSETCATALOG_COMPILER_GLOBAL_ACCENT_COLOR_NAME = AccentColor;
				CODE_SIGN_STYLE = Automatic;
				CURRENT_PROJECT_VERSION = 1;
				DEVELOPMENT_TEAM = 7ZJ4NYXD5J;
				GENERATE_INFOPLIST_FILE = YES;
				INFOPLIST_FILE = InfectionSimulation/Info.plist;
				INFOPLIST_KEY_UIApplicationSupportsIndirectInputEvents = YES;
				INFOPLIST_KEY_UILaunchStoryboardName = LaunchScreen;
				INFOPLIST_KEY_UISupportedInterfaceOrientations_iPad = "UIInterfaceOrientationPortrait UIInterfaceOrientationPortraitUpsideDown UIInterfaceOrientationLandscapeLeft UIInterfaceOrientationLandscapeRight";
				INFOPLIST_KEY_UISupportedInterfaceOrientations_iPhone = "UIInterfaceOrientationPortrait UIInterfaceOrientationLandscapeLeft UIInterfaceOrientationLandscapeRight";
				LD_RUNPATH_SEARCH_PATHS = (
					"$(inherited)",
					"@executable_path/Frameworks",
				);
				MARKETING_VERSION = 1.0;
				PRODUCT_BUNDLE_IDENTIFIER = me.ImLaco.InfectionSimulation;
				PRODUCT_NAME = "$(TARGET_NAME)";
				SWIFT_EMIT_LOC_STRINGS = YES;
				SWIFT_VERSION = 5.0;
				TARGETED_DEVICE_FAMILY = "1,2";
			};
			name = Debug;
		};
		5450BBE82A0649BA001278FE /* Release */ = {
			isa = XCBuildConfiguration;
			buildSettings = {
				ASSETCATALOG_COMPILER_APPICON_NAME = AppIcon;
				ASSETCATALOG_COMPILER_GLOBAL_ACCENT_COLOR_NAME = AccentColor;
				CODE_SIGN_STYLE = Automatic;
				CURRENT_PROJECT_VERSION = 1;
				DEVELOPMENT_TEAM = 7ZJ4NYXD5J;
				GENERATE_INFOPLIST_FILE = YES;
				INFOPLIST_FILE = InfectionSimulation/Info.plist;
				INFOPLIST_KEY_UIApplicationSupportsIndirectInputEvents = YES;
				INFOPLIST_KEY_UILaunchStoryboardName = LaunchScreen;
				INFOPLIST_KEY_UISupportedInterfaceOrientations_iPad = "UIInterfaceOrientationPortrait UIInterfaceOrientationPortraitUpsideDown UIInterfaceOrientationLandscapeLeft UIInterfaceOrientationLandscapeRight";
				INFOPLIST_KEY_UISupportedInterfaceOrientations_iPhone = "UIInterfaceOrientationPortrait UIInterfaceOrientationLandscapeLeft UIInterfaceOrientationLandscapeRight";
				LD_RUNPATH_SEARCH_PATHS = (
					"$(inherited)",
					"@executable_path/Frameworks",
				);
				MARKETING_VERSION = 1.0;
				PRODUCT_BUNDLE_IDENTIFIER = me.ImLaco.InfectionSimulation;
				PRODUCT_NAME = "$(TARGET_NAME)";
				SWIFT_EMIT_LOC_STRINGS = YES;
				SWIFT_VERSION = 5.0;
				TARGETED_DEVICE_FAMILY = "1,2";
			};
			name = Release;
		};
/* End XCBuildConfiguration section */

/* Begin XCConfigurationList section */
		5450BBCD2A0649B9001278FE /* Build configuration list for PBXProject "InfectionSimulation" */ = {
			isa = XCConfigurationList;
			buildConfigurations = (
				5450BBE42A0649BA001278FE /* Debug */,
				5450BBE52A0649BA001278FE /* Release */,
			);
			defaultConfigurationIsVisible = 0;
			defaultConfigurationName = Release;
		};
		5450BBE62A0649BA001278FE /* Build configuration list for PBXNativeTarget "InfectionSimulation" */ = {
			isa = XCConfigurationList;
			buildConfigurations = (
				5450BBE72A0649BA001278FE /* Debug */,
				5450BBE82A0649BA001278FE /* Release */,
			);
			defaultConfigurationIsVisible = 0;
			defaultConfigurationName = Release;
		};
/* End XCConfigurationList section */
	};
	rootObject = 5450BBCA2A0649B9001278FE /* Project object */;
}
